
Microsoft Visual Studio Solution File, Format Version 12.00
# Visual Studio 15
VisualStudioVersion = 15.0.28307.960
MinimumVisualStudioVersion = 10.0.40219.1
Project("{FAE04EC0-301F-11D3-BF4B-00C04F79EFBC}") = "FourDimensionalSpace", "FourDimensionalSpace\FourDimensionalSpace.csproj", "{78286D52-5C01-420B-8F42-BC9E47067FAF}"
EndProject
Global
	GlobalSection(SolutionConfigurationPlatforms) = preSolution
		Debug|Any CPU = Debug|Any CPU
		Release|Any CPU = Release|Any CPU
	EndGlobalSection
	GlobalSection(ProjectConfigurationPlatforms) = postSolution
		{78286D52-5C01-420B-8F42-BC9E47067FAF}.Debug|Any CPU.ActiveCfg = Debug|Any CPU
		{78286D52-5C01-420B-8F42-BC9E47067FAF}.Debug|Any CPU.Build.0 = Debug|Any CPU
		{78286D52-5C01-420B-8F42-BC9E47067FAF}.Release|Any CPU.ActiveCfg = Release|Any CPU
		{78286D52-5C01-420B-8F42-BC9E47067FAF}.Release|Any CPU.Build.0 = Release|Any CPU
	EndGlobalSection
	GlobalSection(SolutionProperties) = preSolution
		HideSolutionNode = FALSE
	EndGlobalSection
	GlobalSection(ExtensibilityGlobals) = postSolution
		SolutionGuid = {DEACB0CC-5432-43C9-8EBE-6BBFA1318C36}
	EndGlobalSection
EndGlobal
